
Microsoft Visual Studio Solution File, Format Version 12.00
# Visual Studio Version 17
VisualStudioVersion = 17.8.34322.80
MinimumVisualStudioVersion = 10.0.40219.1
Project("{9A19103F-16F7-4668-BE54-9A1E7A4F7556}") = "ToDoListApp", "ToDoListApp\ToDoListApp.csproj", "{E837E50E-61BB-40F0-AA12-188F9BBA13AA}"
EndProject
Project("{FAE04EC0-301F-11D3-BF4B-00C04F79EFBC}") = "ToDoListApp.WPF", "ToDoListApp.WPF\ToDoListApp.WPF.csproj", "{03A98F43-0B92-4749-BECB-641C2423DA82}"
EndProject
Global
	GlobalSection(SolutionConfigurationPlatforms) = preSolution
		Debug|Any CPU = Debug|Any CPU
		Release|Any CPU = Release|Any CPU
	EndGlobalSection
	GlobalSection(ProjectConfigurationPlatforms) = postSolution
		{E837E50E-61BB-40F0-AA12-188F9BBA13AA}.Debug|Any CPU.ActiveCfg = Debug|Any CPU
		{E837E50E-61BB-40F0-AA12-188F9BBA13AA}.Debug|Any CPU.Build.0 = Debug|Any CPU
		{E837E50E-61BB-40F0-AA12-188F9BBA13AA}.Release|Any CPU.ActiveCfg = Release|Any CPU
		{E837E50E-61BB-40F0-AA12-188F9BBA13AA}.Release|Any CPU.Build.0 = Release|Any CPU
		{03A98F43-0B92-4749-BECB-641C2423DA82}.Debug|Any CPU.ActiveCfg = Debug|Any CPU
		{03A98F43-0B92-4749-BECB-641C2423DA82}.Debug|Any CPU.Build.0 = Debug|Any CPU
		{03A98F43-0B92-4749-BECB-641C2423DA82}.Release|Any CPU.ActiveCfg = Release|Any CPU
		{03A98F43-0B92-4749-BECB-641C2423DA82}.Release|Any CPU.Build.0 = Release|Any CPU
	EndGlobalSection
	GlobalSection(SolutionProperties) = preSolution
		HideSolutionNode = FALSE
	EndGlobalSection
	GlobalSection(ExtensibilityGlobals) = postSolution
		SolutionGuid = {07BAAC9F-D875-4309-8A01-E8B7CD64ED99}
	EndGlobalSection
EndGlobal
